
Microsoft Visual Studio Solution File, Format Version 12.00
# Visual Studio 15
VisualStudioVersion = 15.0.28307.1169
MinimumVisualStudioVersion = 10.0.40219.1
Project("{FAE04EC0-301F-11D3-BF4B-00C04F79EFBC}") = "Highcharts_4.0.1", "Highcharts_4.0.1\Highcharts_4.0.1.csproj", "{8F15DAE5-E548-44A3-B7C8-94C03E2C221B}"
EndProject
Global
	GlobalSection(SolutionConfigurationPlatforms) = preSolution
		Debug|Any CPU = Debug|Any CPU
		Release|Any CPU = Release|Any CPU
	EndGlobalSection
	GlobalSection(ProjectConfigurationPlatforms) = postSolution
		{8F15DAE5-E548-44A3-B7C8-94C03E2C221B}.Debug|Any CPU.ActiveCfg = Debug|Any CPU
		{8F15DAE5-E548-44A3-B7C8-94C03E2C221B}.Debug|Any CPU.Build.0 = Debug|Any CPU
		{8F15DAE5-E548-44A3-B7C8-94C03E2C221B}.Release|Any CPU.ActiveCfg = Release|Any CPU
		{8F15DAE5-E548-44A3-B7C8-94C03E2C221B}.Release|Any CPU.Build.0 = Release|Any CPU
	EndGlobalSection
	GlobalSection(SolutionProperties) = preSolution
		HideSolutionNode = FALSE
	EndGlobalSection
	GlobalSection(ExtensibilityGlobals) = postSolution
		SolutionGuid = {06737A49-25E7-480F-A6AD-AFA251D79BA7}
	EndGlobalSection
EndGlobal
